
Microsoft Visual Studio Solution File, Format Version 12.00
# Visual Studio Version 16
VisualStudioVersion = 16.0.31112.23
MinimumVisualStudioVersion = 10.0.40219.1
Project("{9A19103F-16F7-4668-BE54-9A1E7A4F7556}") = "Xbim.Properties", "Xbim.Properties\Xbim.Properties.csproj", "{651CBC27-A553-4DF1-8D23-BE6D6DAA90EC}"
EndProject
Project("{FAE04EC0-301F-11D3-BF4B-00C04F79EFBC}") = "Xbim.PropertySets.Tests", "Xbim.PropertySets.Tests\Xbim.PropertySets.Tests.csproj", "{4DB218D9-EF11-4369-8ED5-A802B70CC265}"
EndProject
Global
	GlobalSection(SolutionConfigurationPlatforms) = preSolution
		Debug|Any CPU = Debug|Any CPU
		Release|Any CPU = Release|Any CPU
	EndGlobalSection
	GlobalSection(ProjectConfigurationPlatforms) = postSolution
		{651CBC27-A553-4DF1-8D23-BE6D6DAA90EC}.Debug|Any CPU.ActiveCfg = Debug|Any CPU
		{651CBC27-A553-4DF1-8D23-BE6D6DAA90EC}.Debug|Any CPU.Build.0 = Debug|Any CPU
		{651CBC27-A553-4DF1-8D23-BE6D6DAA90EC}.Release|Any CPU.ActiveCfg = Release|Any CPU
		{651CBC27-A553-4DF1-8D23-BE6D6DAA90EC}.Release|Any CPU.Build.0 = Release|Any CPU
		{4DB218D9-EF11-4369-8ED5-A802B70CC265}.Debug|Any CPU.ActiveCfg = Debug|Any CPU
		{4DB218D9-EF11-4369-8ED5-A802B70CC265}.Debug|Any CPU.Build.0 = Debug|Any CPU
		{4DB218D9-EF11-4369-8ED5-A802B70CC265}.Release|Any CPU.ActiveCfg = Release|Any CPU
		{4DB218D9-EF11-4369-8ED5-A802B70CC265}.Release|Any CPU.Build.0 = Release|Any CPU
	EndGlobalSection
	GlobalSection(SolutionProperties) = preSolution
		HideSolutionNode = FALSE
	EndGlobalSection
	GlobalSection(ExtensibilityGlobals) = postSolution
		SolutionGuid = {465D66DC-A03B-4752-8F97-534D947CA691}
	EndGlobalSection
EndGlobal
